// !$*UTF8*$!
{
	archiveVersion = 1;
	classes = {
	};
	objectVersion = 77;
	objects = {

/* Begin PBXContainerItemProxy section */
		BAB021B52EDA6D6100AD87C1 /* PBXContainerItemProxy */ = {
			isa = PBXContainerItemProxy;
			containerPortal = BAB0219C2EDA6D6000AD87C1 /* Project object */;
			proxyType = 1;
			remoteGlobalIDString = BAB021A32EDA6D6000AD87C1;
			remoteInfo = HealthTrackDaily;
		};
		BAB021BF2EDA6D6100AD87C1 /* PBXContainerItemProxy */ = {
			isa = PBXContainerItemProxy;
			containerPortal = BAB0219C2EDA6D6000AD87C1 /* Project object */;
			proxyType = 1;
			remoteGlobalIDString = BAB021A32EDA6D6000AD87C1;
			remoteInfo = HealthTrackDaily;
		};
/* End PBXContainerItemProxy section */

/* Begin PBXFileReference section */
		BAB021A42EDA6D6000AD87C1 /* HealthTrackDaily.app */ = {isa = PBXFileReference; explicitFileType = wrapper.application; includeInIndex = 0; path = HealthTrackDaily.app; sourceTree = BUILT_PRODUCTS_DIR; };
		BAB021B42EDA6D6100AD87C1 /* HealthTrackDailyTests.xctest */ = {isa = PBXFileReference; explicitFileType = wrapper.cfbundle; includeInIndex = 0; path = HealthTrackDailyTests.xctest; sourceTree = BUILT_PRODUCTS_DIR; };
		BAB021BE2EDA6D6100AD87C1 /* HealthTrackDailyUITests.xctest */ = {isa = PBXFileReference; explicitFileType = wrapper.cfbundle; includeInIndex = 0; path = HealthTrackDailyUITests.xctest; sourceTree = BUILT_PRODUCTS_DIR; };
/* End PBXFileReference section */

/* Begin PBXFileSystemSynchronizedRootGroup section */
		BAB021A62EDA6D6000AD87C1 /* HealthTrackDaily */ = {
			isa = PBXFileSystemSynchronizedRootGroup;
			path = HealthTrackDaily;
			sourceTree = "<group>";
		};
		BAB021B72EDA6D6100AD87C1 /* HealthTrackDailyTests */ = {
			isa = PBXFileSystemSynchronizedRootGroup;
			path = HealthTrackDailyTests;
			sourceTree = "<group>";
		};
		BAB021C12EDA6D6100AD87C1 /* HealthTrackDailyUITests */ = {
			isa = PBXFileSystemSynchronizedRootGroup;
			path = HealthTrackDailyUITests;
			sourceTree = "<group>";
		};
/* End PBXFileSystemSynchronizedRootGroup section */

/* Begin PBXFrameworksBuildPhase section */
		BAB021A12EDA6D6000AD87C1 /* Frameworks */ = {
			isa = PBXFrameworksBuildPhase;
			buildActionMask = 2147483647;
			files = (
			);
			runOnlyForDeploymentPostprocessing = 0;
		};
		BAB021B12EDA6D6100AD87C1 /* Frameworks */ = {
			isa = PBXFrameworksBuildPhase;
			buildActionMask = 2147483647;
			files = (
			);
			runOnlyForDeploymentPostprocessing = 0;
		};
		BAB021BB2EDA6D6100AD87C1 /* Frameworks */ = {
			isa = PBXFrameworksBuildPhase;
			buildActionMask = 2147483647;
			files = (
			);
			runOnlyForDeploymentPostprocessing = 0;
		};
/* End PBXFrameworksBuildPhase section */

/* Begin PBXGroup section */
		BAB0219B2EDA6D6000AD87C1 = {
			isa = PBXGroup;
			children = (
				BAB021A62EDA6D6000AD87C1 /* HealthTrackDaily */,
				BAB021B72EDA6D6100AD87C1 /* HealthTrackDailyTests */,
				BAB021C12EDA6D6100AD87C1 /* HealthTrackDailyUITests */,
				BAB021A52EDA6D6000AD87C1 /* Products */,
			);
			sourceTree = "<group>";
		};
		BAB021A52EDA6D6000AD87C1 /* Products */ = {
			isa = PBXGroup;
			children = (
				BAB021A42EDA6D6000AD87C1 /* HealthTrackDaily.app */,
				BAB021B42EDA6D6100AD87C1 /* HealthTrackDailyTests.xctest */,
				BAB021BE2EDA6D6100AD87C1 /* HealthTrackDailyUITests.xctest */,
			);
			name = Products;
			sourceTree = "<group>";
		};
/* End PBXGroup section */

/* Begin PBXNativeTarget section */
		BAB021A32EDA6D6000AD87C1 /* HealthTrackDaily */ = {
			isa = PBXNativeTarget;
			buildConfigurationList = BAB021C82EDA6D6100AD87C1 /* Build configuration list for PBXNativeTarget "HealthTrackDaily" */;
			buildPhases = (
				BAB021A02EDA6D6000AD87C1 /* Sources */,
				BAB021A12EDA6D6000AD87C1 /* Frameworks */,
				BAB021A22EDA6D6000AD87C1 /* Resources */,
			);
			buildRules = (
			);
			dependencies = (
			);
			fileSystemSynchronizedGroups = (
				BAB021A62EDA6D6000AD87C1 /* HealthTrackDaily */,
			);
			name = HealthTrackDaily;
			packageProductDependencies = (
			);
			productName = HealthTrackDaily;
			productReference = BAB021A42EDA6D6000AD87C1 /* HealthTrackDaily.app */;
			productType = "com.apple.product-type.application";
		};
		BAB021B32EDA6D6100AD87C1 /* HealthTrackDailyTests */ = {
			isa = PBXNativeTarget;
			buildConfigurationList = BAB021CB2EDA6D6100AD87C1 /* Build configuration list for PBXNativeTarget "HealthTrackDailyTests" */;
			buildPhases = (
				BAB021B02EDA6D6100AD87C1 /* Sources */,
				BAB021B12EDA6D6100AD87C1 /* Frameworks */,
				BAB021B22EDA6D6100AD87C1 /* Resources */,
			);
			buildRules = (
			);
			dependencies = (
				BAB021B62EDA6D6100AD87C1 /* PBXTargetDependency */,
			);
			fileSystemSynchronizedGroups = (
				BAB021B72EDA6D6100AD87C1 /* HealthTrackDailyTests */,
			);
			name = HealthTrackDailyTests;
			packageProductDependencies = (
			);
			productName = HealthTrackDailyTests;
			productReference = BAB021B42EDA6D6100AD87C1 /* HealthTrackDailyTests.xctest */;
			productType = "com.apple.product-type.bundle.unit-test";
		};
		BAB021BD2EDA6D6100AD87C1 /* HealthTrackDailyUITests */ = {
			isa = PBXNativeTarget;
			buildConfigurationList = BAB021CE2EDA6D6100AD87C1 /* Build configuration list for PBXNativeTarget "HealthTrackDailyUITests" */;
			buildPhases = (
				BAB021BA2EDA6D6100AD87C1 /* Sources */,
				BAB021BB2EDA6D6100AD87C1 /* Frameworks */,
				BAB021BC2EDA6D6100AD87C1 /* Resources */,
			);
			buildRules = (
			);
			dependencies = (
				BAB021C02EDA6D6100AD87C1 /* PBXTargetDependency */,
			);
			fileSystemSynchronizedGroups = (
				BAB021C12EDA6D6100AD87C1 /* HealthTrackDailyUITests */,
			);
			name = HealthTrackDailyUITests;
			packageProductDependencies = (
			);
			productName = HealthTrackDailyUITests;
			productReference = BAB021BE2EDA6D6100AD87C1 /* HealthTrackDailyUITests.xctest */;
			productType = "com.apple.product-type.bundle.ui-testing";
		};
/* End PBXNativeTarget section */

/* Begin PBXProject section */
		BAB0219C2EDA6D6000AD87C1 /* Project object */ = {
			isa = PBXProject;
			attributes = {
				BuildIndependentTargetsInParallel = 1;
				LastSwiftUpdateCheck = 1620;
				LastUpgradeCheck = 1620;
				TargetAttributes = {
					BAB021A32EDA6D6000AD87C1 = {
						CreatedOnToolsVersion = 16.2;
					};
					BAB021B32EDA6D6100AD87C1 = {
						CreatedOnToolsVersion = 16.2;
						TestTargetID = BAB021A32EDA6D6000AD87C1;
					};
					BAB021BD2EDA6D6100AD87C1 = {
						CreatedOnToolsVersion = 16.2;
						TestTargetID = BAB021A32EDA6D6000AD87C1;
					};
				};
			};
			buildConfigurationList = BAB0219F2EDA6D6000AD87C1 /* Build configuration list for PBXProject "HealthTrackDaily" */;
			developmentRegion = en;
			hasScannedForEncodings = 0;
			knownRegions = (
				en,
				Base,
			);
			mainGroup = BAB0219B2EDA6D6000AD87C1;
			minimizedProjectReferenceProxies = 1;
			preferredProjectObjectVersion = 77;
			productRefGroup = BAB021A52EDA6D6000AD87C1 /* Products */;
			projectDirPath = "";
			projectRoot = "";
			targets = (
				BAB021A32EDA6D6000AD87C1 /* HealthTrackDaily */,
				BAB021B32EDA6D6100AD87C1 /* HealthTrackDailyTests */,
				BAB021BD2EDA6D6100AD87C1 /* HealthTrackDailyUITests */,
			);
		};
/* End PBXProject section */

/* Begin PBXResourcesBuildPhase section */
		BAB021A22EDA6D6000AD87C1 /* Resources */ = {
			isa = PBXResourcesBuildPhase;
			buildActionMask = 2147483647;
			files = (
			);
			runOnlyForDeploymentPostprocessing = 0;
		};
		BAB021B22EDA6D6100AD87C1 /* Resources */ = {
			isa = PBXResourcesBuildPhase;
			buildActionMask = 2147483647;
			files = (
			);
			runOnlyForDeploymentPostprocessing = 0;
		};
		BAB021BC2EDA6D6100AD87C1 /* Resources */ = {
			isa = PBXResourcesBuildPhase;
			buildActionMask = 2147483647;
			files = (
			);
			runOnlyForDeploymentPostprocessing = 0;
		};
/* End PBXResourcesBuildPhase section */

/* Begin PBXSourcesBuildPhase section */
		BAB021A02EDA6D6000AD87C1 /* Sources */ = {
			isa = PBXSourcesBuildPhase;
			buildActionMask = 2147483647;
			files = (
			);
			runOnlyForDeploymentPostprocessing = 0;
		};
		BAB021B02EDA6D6100AD87C1 /* Sources */ = {
			isa = PBXSourcesBuildPhase;
			buildActionMask = 2147483647;
			files = (
			);
			runOnlyForDeploymentPostprocessing = 0;
		};
		BAB021BA2EDA6D6100AD87C1 /* Sources */ = {
			isa = PBXSourcesBuildPhase;
			buildActionMask = 2147483647;
			files = (
			);
			runOnlyForDeploymentPostprocessing = 0;
		};
/* End PBXSourcesBuildPhase section */

/* Begin PBXTargetDependency section */
		BAB021B62EDA6D6100AD87C1 /* PBXTargetDependency */ = {
			isa = PBXTargetDependency;
			target = BAB021A32EDA6D6000AD87C1 /* HealthTrackDaily */;
			targetProxy = BAB021B52EDA6D6100AD87C1 /* PBXContainerItemProxy */;
		};
		BAB021C02EDA6D6100AD87C1 /* PBXTargetDependency */ = {
			isa = PBXTargetDependency;
			target = BAB021A32EDA6D6000AD87C1 /* HealthTrackDaily */;
			targetProxy = BAB021BF2EDA6D6100AD87C1 /* PBXContainerItemProxy */;
		};
/* End PBXTargetDependency section */

/* Begin XCBuildConfiguration section */
		BAB021C62EDA6D6100AD87C1 /* Debug */ = {
			isa = XCBuildConfiguration;
			buildSettings = {
				ALWAYS_SEARCH_USER_PATHS = NO;
				ASSETCATALOG_COMPILER_GENERATE_SWIFT_ASSET_SYMBOL_EXTENSIONS = YES;
				CLANG_ANALYZER_NONNULL = YES;
				CLANG_ANALYZER_NUMBER_OBJECT_CONVERSION = YES_AGGRESSIVE;
				CLANG_CXX_LANGUAGE_STANDARD = "gnu++20";
				CLANG_ENABLE_MODULES = YES;
				CLANG_ENABLE_OBJC_ARC = YES;
				CLANG_ENABLE_OBJC_WEAK = YES;
				CLANG_WARN_BLOCK_CAPTURE_AUTORELEASING = YES;
				CLANG_WARN_BOOL_CONVERSION = YES;
				CLANG_WARN_COMMA = YES;
				CLANG_WARN_CONSTANT_CONVERSION = YES;
				CLANG_WARN_DEPRECATED_OBJC_IMPLEMENTATIONS = YES;
				CLANG_WARN_DIRECT_OBJC_ISA_USAGE = YES_ERROR;
				CLANG_WARN_DOCUMENTATION_COMMENTS = YES;
				CLANG_WARN_EMPTY_BODY = YES;
				CLANG_WARN_ENUM_CONVERSION = YES;
				CLANG_WARN_INFINITE_RECURSION = YES;
				CLANG_WARN_INT_CONVERSION = YES;
				CLANG_WARN_NON_LITERAL_NULL_CONVERSION = YES;
				CLANG_WARN_OBJC_IMPLICIT_RETAIN_SELF = YES;
				CLANG_WARN_OBJC_LITERAL_CONVERSION = YES;
				CLANG_WARN_OBJC_ROOT_CLASS = YES_ERROR;
				CLANG_WARN_QUOTED_INCLUDE_IN_FRAMEWORK_HEADER = YES;
				CLANG_WARN_RANGE_LOOP_ANALYSIS = YES;
				CLANG_WARN_STRICT_PROTOTYPES = YES;
				CLANG_WARN_SUSPICIOUS_MOVE = YES;
				CLANG_WARN_UNGUARDED_AVAILABILITY = YES_AGGRESSIVE;
				CLANG_WARN_UNREACHABLE_CODE = YES;
				CLANG_WARN__DUPLICATE_METHOD_MATCH = YES;
				COPY_PHASE_STRIP = NO;
				DEBUG_INFORMATION_FORMAT = dwarf;
				ENABLE_STRICT_OBJC_MSGSEND = YES;
				ENABLE_TESTABILITY = YES;
				ENABLE_USER_SCRIPT_SANDBOXING = YES;
				GCC_C_LANGUAGE_STANDARD = gnu17;
				GCC_DYNAMIC_NO_PIC = NO;
				GCC_NO_COMMON_BLOCKS = YES;
				GCC_OPTIMIZATION_LEVEL = 0;
				GCC_PREPROCESSOR_DEFINITIONS = (
					"DEBUG=1",
					"$(inherited)",
				);
				GCC_WARN_64_TO_32_BIT_CONVERSION = YES;
				GCC_WARN_ABOUT_RETURN_TYPE = YES_ERROR;
				GCC_WARN_UNDECLARED_SELECTOR = YES;
				GCC_WARN_UNINITIALIZED_AUTOS = YES_AGGRESSIVE;
				GCC_WARN_UNUSED_FUNCTION = YES;
				GCC_WARN_UNUSED_VARIABLE = YES;
				IPHONEOS_DEPLOYMENT_TARGET = 18.2;
				LOCALIZATION_PREFERS_STRING_CATALOGS = YES;
				MTL_ENABLE_DEBUG_INFO = INCLUDE_SOURCE;
				MTL_FAST_MATH = YES;
				ONLY_ACTIVE_ARCH = YES;
				SDKROOT = iphoneos;
				SWIFT_ACTIVE_COMPILATION_CONDITIONS = "DEBUG $(inherited)";
				SWIFT_OPTIMIZATION_LEVEL = "-Onone";
			};
			name = Debug;
		};
		BAB021C72EDA6D6100AD87C1 /* Release */ = {
			isa = XCBuildConfiguration;
			buildSettings = {
				ALWAYS_SEARCH_USER_PATHS = NO;
				ASSETCATALOG_COMPILER_GENERATE_SWIFT_ASSET_SYMBOL_EXTENSIONS = YES;
				CLANG_ANALYZER_NONNULL = YES;
				CLANG_ANALYZER_NUMBER_OBJECT_CONVERSION = YES_AGGRESSIVE;
				CLANG_CXX_LANGUAGE_STANDARD = "gnu++20";
				CLANG_ENABLE_MODULES = YES;
				CLANG_ENABLE_OBJC_ARC = YES;
				CLANG_ENABLE_OBJC_WEAK = YES;
				CLANG_WARN_BLOCK_CAPTURE_AUTORELEASING = YES;
				CLANG_WARN_BOOL_CONVERSION = YES;
				CLANG_WARN_COMMA = YES;
				CLANG_WARN_CONSTANT_CONVERSION = YES;
				CLANG_WARN_DEPRECATED_OBJC_IMPLEMENTATIONS = YES;
				CLANG_WARN_DIRECT_OBJC_ISA_USAGE = YES_ERROR;
				CLANG_WARN_DOCUMENTATION_COMMENTS = YES;
				CLANG_WARN_EMPTY_BODY = YES;
				CLANG_WARN_ENUM_CONVERSION = YES;
				CLANG_WARN_INFINITE_RECURSION = YES;
				CLANG_WARN_INT_CONVERSION = YES;
				CLANG_WARN_NON_LITERAL_NULL_CONVERSION = YES;
				CLANG_WARN_OBJC_IMPLICIT_RETAIN_SELF = YES;
				CLANG_WARN_OBJC_LITERAL_CONVERSION = YES;
				CLANG_WARN_OBJC_ROOT_CLASS = YES_ERROR;
				CLANG_WARN_QUOTED_INCLUDE_IN_FRAMEWORK_HEADER = YES;
				CLANG_WARN_RANGE_LOOP_ANALYSIS = YES;
				CLANG_WARN_STRICT_PROTOTYPES = YES;
				CLANG_WARN_SUSPICIOUS_MOVE = YES;
				CLANG_WARN_UNGUARDED_AVAILABILITY = YES_AGGRESSIVE;
				CLANG_WARN_UNREACHABLE_CODE = YES;
				CLANG_WARN__DUPLICATE_METHOD_MATCH = YES;
				COPY_PHASE_STRIP = NO;
				DEBUG_INFORMATION_FORMAT = "dwarf-with-dsym";
				ENABLE_NS_ASSERTIONS = NO;
				ENABLE_STRICT_OBJC_MSGSEND = YES;
				ENABLE_USER_SCRIPT_SANDBOXING = YES;
				GCC_C_LANGUAGE_STANDARD = gnu17;
				GCC_NO_COMMON_BLOCKS = YES;
				GCC_WARN_64_TO_32_BIT_CONVERSION = YES;
				GCC_WARN_ABOUT_RETURN_TYPE = YES_ERROR;
				GCC_WARN_UNDECLARED_SELECTOR = YES;
				GCC_WARN_UNINITIALIZED_AUTOS = YES_AGGRESSIVE;
				GCC_WARN_UNUSED_FUNCTION = YES;
				GCC_WARN_UNUSED_VARIABLE = YES;
				IPHONEOS_DEPLOYMENT_TARGET = 18.2;
				LOCALIZATION_PREFERS_STRING_CATALOGS = YES;
				MTL_ENABLE_DEBUG_INFO = NO;
				MTL_FAST_MATH = YES;
				SDKROOT = iphoneos;
				SWIFT_COMPILATION_MODE = wholemodule;
				VALIDATE_PRODUCT = YES;
			};
			name = Release;
		};
		BAB021C92EDA6D6100AD87C1 /* Debug */ = {
			isa = XCBuildConfiguration;
			buildSettings = {
				ASSETCATALOG_COMPILER_APPICON_NAME = AppIcon;
				ASSETCATALOG_COMPILER_GLOBAL_ACCENT_COLOR_NAME = AccentColor;
				CODE_SIGN_STYLE = Automatic;
				CURRENT_PROJECT_VERSION = 1;
				DEVELOPMENT_ASSET_PATHS = "\"HealthTrackDaily/Preview Content\"";
				ENABLE_PREVIEWS = YES;
				GENERATE_INFOPLIST_FILE = YES;
				INFOPLIST_KEY_UIApplicationSceneManifest_Generation = YES;
				INFOPLIST_KEY_UIApplicationSupportsIndirectInputEvents = YES;
				INFOPLIST_KEY_UILaunchScreen_Generation = YES;
				INFOPLIST_KEY_UISupportedInterfaceOrientations_iPad = "UIInterfaceOrientationPortrait UIInterfaceOrientationPortraitUpsideDown UIInterfaceOrientationLandscapeLeft UIInterfaceOrientationLandscapeRight";
				INFOPLIST_KEY_UISupportedInterfaceOrientations_iPhone = "UIInterfaceOrientationPortrait UIInterfaceOrientationLandscapeLeft UIInterfaceOrientationLandscapeRight";
				LD_RUNPATH_SEARCH_PATHS = (
					"$(inherited)",
					"@executable_path/Frameworks",
				);
				MARKETING_VERSION = 1.0;
				PRODUCT_BUNDLE_IDENTIFIER = com.lakshmi.HealthTrackDaily;
				PRODUCT_NAME = "$(TARGET_NAME)";
				SWIFT_EMIT_LOC_STRINGS = YES;
				SWIFT_VERSION = 5.0;
				TARGETED_DEVICE_FAMILY = "1,2";
			};
			name = Debug;
		};
		BAB021CA2EDA6D6100AD87C1 /* Release */ = {
			isa = XCBuildConfiguration;
			buildSettings = {
				ASSETCATALOG_COMPILER_APPICON_NAME = AppIcon;
				ASSETCATALOG_COMPILER_GLOBAL_ACCENT_COLOR_NAME = AccentColor;
				CODE_SIGN_STYLE = Automatic;
				CURRENT_PROJECT_VERSION = 1;
				DEVELOPMENT_ASSET_PATHS = "\"HealthTrackDaily/Preview Content\"";
				ENABLE_PREVIEWS = YES;
				GENERATE_INFOPLIST_FILE = YES;
				INFOPLIST_KEY_UIApplicationSceneManifest_Generation = YES;
				INFOPLIST_KEY_UIApplicationSupportsIndirectInputEvents = YES;
				INFOPLIST_KEY_UILaunchScreen_Generation = YES;
				INFOPLIST_KEY_UISupportedInterfaceOrientations_iPad = "UIInterfaceOrientationPortrait UIInterfaceOrientationPortraitUpsideDown UIInterfaceOrientationLandscapeLeft UIInterfaceOrientationLandscapeRight";
				INFOPLIST_KEY_UISupportedInterfaceOrientations_iPhone = "UIInterfaceOrientationPortrait UIInterfaceOrientationLandscapeLeft UIInterfaceOrientationLandscapeRight";
				LD_RUNPATH_SEARCH_PATHS = (
					"$(inherited)",
					"@executable_path/Frameworks",
				);
				MARKETING_VERSION = 1.0;
				PRODUCT_BUNDLE_IDENTIFIER = com.lakshmi.HealthTrackDaily;
				PRODUCT_NAME = "$(TARGET_NAME)";
				SWIFT_EMIT_LOC_STRINGS = YES;
				SWIFT_VERSION = 5.0;
				TARGETED_DEVICE_FAMILY = "1,2";
			};
			name = Release;
		};
		BAB021CC2EDA6D6100AD87C1 /* Debug */ = {
			isa = XCBuildConfiguration;
			buildSettings = {
				BUNDLE_LOADER = "$(TEST_HOST)";
				CODE_SIGN_STYLE = Automatic;
				CURRENT_PROJECT_VERSION = 1;
				GENERATE_INFOPLIST_FILE = YES;
				IPHONEOS_DEPLOYMENT_TARGET = 18.2;
				MARKETING_VERSION = 1.0;
				PRODUCT_BUNDLE_IDENTIFIER = com.lakshmi.HealthTrackDailyTests;
				PRODUCT_NAME = "$(TARGET_NAME)";
				SWIFT_EMIT_LOC_STRINGS = NO;
				SWIFT_VERSION = 5.0;
				TARGETED_DEVICE_FAMILY = "1,2";
				TEST_HOST = "$(BUILT_PRODUCTS_DIR)/HealthTrackDaily.app/$(BUNDLE_EXECUTABLE_FOLDER_PATH)/HealthTrackDaily";
			};
			name = Debug;
		};
		BAB021CD2EDA6D6100AD87C1 /* Release */ = {
			isa = XCBuildConfiguration;
			buildSettings = {
				BUNDLE_LOADER = "$(TEST_HOST)";
				CODE_SIGN_STYLE = Automatic;
				CURRENT_PROJECT_VERSION = 1;
				GENERATE_INFOPLIST_FILE = YES;
				IPHONEOS_DEPLOYMENT_TARGET = 18.2;
				MARKETING_VERSION = 1.0;
				PRODUCT_BUNDLE_IDENTIFIER = com.lakshmi.HealthTrackDailyTests;
				PRODUCT_NAME = "$(TARGET_NAME)";
				SWIFT_EMIT_LOC_STRINGS = NO;
				SWIFT_VERSION = 5.0;
				TARGETED_DEVICE_FAMILY = "1,2";
				TEST_HOST = "$(BUILT_PRODUCTS_DIR)/HealthTrackDaily.app/$(BUNDLE_EXECUTABLE_FOLDER_PATH)/HealthTrackDaily";
			};
			name = Release;
		};
		BAB021CF2EDA6D6100AD87C1 /* Debug */ = {
			isa = XCBuildConfiguration;
			buildSettings = {
				CODE_SIGN_STYLE = Automatic;
				CURRENT_PROJECT_VERSION = 1;
				GENERATE_INFOPLIST_FILE = YES;
				MARKETING_VERSION = 1.0;
				PRODUCT_BUNDLE_IDENTIFIER = com.lakshmi.HealthTrackDailyUITests;
				PRODUCT_NAME = "$(TARGET_NAME)";
				SWIFT_EMIT_LOC_STRINGS = NO;
				SWIFT_VERSION = 5.0;
				TARGETED_DEVICE_FAMILY = "1,2";
				TEST_TARGET_NAME = HealthTrackDaily;
			};
			name = Debug;
		};
		BAB021D02EDA6D6100AD87C1 /* Release */ = {
			isa = XCBuildConfiguration;
			buildSettings = {
				CODE_SIGN_STYLE = Automatic;
				CURRENT_PROJECT_VERSION = 1;
				GENERATE_INFOPLIST_FILE = YES;
				MARKETING_VERSION = 1.0;
				PRODUCT_BUNDLE_IDENTIFIER = com.lakshmi.HealthTrackDailyUITests;
				PRODUCT_NAME = "$(TARGET_NAME)";
				SWIFT_EMIT_LOC_STRINGS = NO;
				SWIFT_VERSION = 5.0;
				TARGETED_DEVICE_FAMILY = "1,2";
				TEST_TARGET_NAME = HealthTrackDaily;
			};
			name = Release;
		};
/* End XCBuildConfiguration section */

/* Begin XCConfigurationList section */
		BAB0219F2EDA6D6000AD87C1 /* Build configuration list for PBXProject "HealthTrackDaily" */ = {
			isa = XCConfigurationList;
			buildConfigurations = (
				BAB021C62EDA6D6100AD87C1 /* Debug */,
				BAB021C72EDA6D6100AD87C1 /* Release */,
			);
			defaultConfigurationIsVisible = 0;
			defaultConfigurationName = Release;
		};
		BAB021C82EDA6D6100AD87C1 /* Build configuration list for PBXNativeTarget "HealthTrackDaily" */ = {
			isa = XCConfigurationList;
			buildConfigurations = (
				BAB021C92EDA6D6100AD87C1 /* Debug */,
				BAB021CA2EDA6D6100AD87C1 /* Release */,
			);
			defaultConfigurationIsVisible = 0;
			defaultConfigurationName = Release;
		};
		BAB021CB2EDA6D6100AD87C1 /* Build configuration list for PBXNativeTarget "HealthTrackDailyTests" */ = {
			isa = XCConfigurationList;
			buildConfigurations = (
				BAB021CC2EDA6D6100AD87C1 /* Debug */,
				BAB021CD2EDA6D6100AD87C1 /* Release */,
			);
			defaultConfigurationIsVisible = 0;
			defaultConfigurationName = Release;
		};
		BAB021CE2EDA6D6100AD87C1 /* Build configuration list for PBXNativeTarget "HealthTrackDailyUITests" */ = {
			isa = XCConfigurationList;
			buildConfigurations = (
				BAB021CF2EDA6D6100AD87C1 /* Debug */,
				BAB021D02EDA6D6100AD87C1 /* Release */,
			);
			defaultConfigurationIsVisible = 0;
			defaultConfigurationName = Release;
		};
/* End XCConfigurationList section */
	};
	rootObject = BAB0219C2EDA6D6000AD87C1 /* Project object */;
}
